
Microsoft Visual Studio Solution File, Format Version 12.00
# Visual Studio 15
VisualStudioVersion = 15.0.28307.572
MinimumVisualStudioVersion = 10.0.40219.1
Project("{FAE04EC0-301F-11D3-BF4B-00C04F79EFBC}") = "MvcGroupApp", "MvcGroupApp\MvcGroupApp.csproj", "{2D29B19C-281B-47B7-AF7A-94BCB9DFFCC0}"
EndProject
Global
	GlobalSection(SolutionConfigurationPlatforms) = preSolution
		Debug|Any CPU = Debug|Any CPU
		Release|Any CPU = Release|Any CPU
	EndGlobalSection
	GlobalSection(ProjectConfigurationPlatforms) = postSolution
		{2D29B19C-281B-47B7-AF7A-94BCB9DFFCC0}.Debug|Any CPU.ActiveCfg = Debug|Any CPU
		{2D29B19C-281B-47B7-AF7A-94BCB9DFFCC0}.Debug|Any CPU.Build.0 = Debug|Any CPU
		{2D29B19C-281B-47B7-AF7A-94BCB9DFFCC0}.Release|Any CPU.ActiveCfg = Release|Any CPU
		{2D29B19C-281B-47B7-AF7A-94BCB9DFFCC0}.Release|Any CPU.Build.0 = Release|Any CPU
	EndGlobalSection
	GlobalSection(SolutionProperties) = preSolution
		HideSolutionNode = FALSE
	EndGlobalSection
	GlobalSection(ExtensibilityGlobals) = postSolution
		SolutionGuid = {AB5E5EA1-0697-444C-8887-F8A13BA2016A}
	EndGlobalSection
EndGlobal
